
Microsoft Visual Studio Solution File, Format Version 12.00
# Visual Studio Version 17
VisualStudioVersion = 17.14.36915.13
MinimumVisualStudioVersion = 10.0.40219.1
Project("{FAE04EC0-301F-11D3-BF4B-00C04F79EFBC}") = "SOAPClientTest", "SOAPClientTest\SOAPClientTest.csproj", "{6CCCBF5B-DB70-465C-8208-8DDA3B4DFEA3}"
EndProject
Project("{FAE04EC0-301F-11D3-BF4B-00C04F79EFBC}") = "SOAPClientTestIntegrationTests", "SOAPClientTestUnitTest\SOAPClientTestIntegrationTests.csproj", "{134ABA39-1E8B-4332-8CC6-12A234DBED10}"
EndProject
Global
	GlobalSection(SolutionConfigurationPlatforms) = preSolution
		Debug|Any CPU = Debug|Any CPU
		Release|Any CPU = Release|Any CPU
	EndGlobalSection
	GlobalSection(ProjectConfigurationPlatforms) = postSolution
		{6CCCBF5B-DB70-465C-8208-8DDA3B4DFEA3}.Debug|Any CPU.ActiveCfg = Debug|Any CPU
		{6CCCBF5B-DB70-465C-8208-8DDA3B4DFEA3}.Debug|Any CPU.Build.0 = Debug|Any CPU
		{6CCCBF5B-DB70-465C-8208-8DDA3B4DFEA3}.Release|Any CPU.ActiveCfg = Release|Any CPU
		{6CCCBF5B-DB70-465C-8208-8DDA3B4DFEA3}.Release|Any CPU.Build.0 = Release|Any CPU
		{134ABA39-1E8B-4332-8CC6-12A234DBED10}.Debug|Any CPU.ActiveCfg = Debug|Any CPU
		{134ABA39-1E8B-4332-8CC6-12A234DBED10}.Debug|Any CPU.Build.0 = Debug|Any CPU
		{134ABA39-1E8B-4332-8CC6-12A234DBED10}.Release|Any CPU.ActiveCfg = Release|Any CPU
		{134ABA39-1E8B-4332-8CC6-12A234DBED10}.Release|Any CPU.Build.0 = Release|Any CPU
	EndGlobalSection
	GlobalSection(SolutionProperties) = preSolution
		HideSolutionNode = FALSE
	EndGlobalSection
	GlobalSection(ExtensibilityGlobals) = postSolution
		SolutionGuid = {8667272A-45E1-4466-91AA-21525F6B2410}
	EndGlobalSection
EndGlobal
